// !$*UTF8*$!
{
	archiveVersion = 1;
	classes = {
	};
	objectVersion = 56;
	objects = {

/* Begin PBXBuildFile section */
		122498BB29220BBA003665DA /* AppDelegate.swift in Sources */ = {isa = PBXBuildFile; fileRef = 122498BA29220BBA003665DA /* AppDelegate.swift */; };
		122498BD29220BBA003665DA /* SceneDelegate.swift in Sources */ = {isa = PBXBuildFile; fileRef = 122498BC29220BBA003665DA /* SceneDelegate.swift */; };
		122498C429220BBC003665DA /* Assets.xcassets in Resources */ = {isa = PBXBuildFile; fileRef = 122498C329220BBC003665DA /* Assets.xcassets */; };
		122498C729220BBC003665DA /* LaunchScreen.storyboard in Resources */ = {isa = PBXBuildFile; fileRef = 122498C529220BBC003665DA /* LaunchScreen.storyboard */; };
		122498D229220BBC003665DA /* GithubRepoTests.swift in Sources */ = {isa = PBXBuildFile; fileRef = 122498D129220BBC003665DA /* GithubRepoTests.swift */; };
		122498DC29220BBC003665DA /* GithubRepoUITests.swift in Sources */ = {isa = PBXBuildFile; fileRef = 122498DB29220BBC003665DA /* GithubRepoUITests.swift */; };
		122498DE29220BBC003665DA /* GithubRepoUITestsLaunchTests.swift in Sources */ = {isa = PBXBuildFile; fileRef = 122498DD29220BBC003665DA /* GithubRepoUITestsLaunchTests.swift */; };
		122498F029221407003665DA /* Then in Frameworks */ = {isa = PBXBuildFile; productRef = 122498EF29221407003665DA /* Then */; };
		12249905292214C0003665DA /* Alamofire in Frameworks */ = {isa = PBXBuildFile; productRef = 12249904292214C0003665DA /* Alamofire */; };
		12249908292214E0003665DA /* ReactorKit in Frameworks */ = {isa = PBXBuildFile; productRef = 12249907292214E0003665DA /* ReactorKit */; };
		1224990C2922177E003665DA /* GithubUser.swift in Sources */ = {isa = PBXBuildFile; fileRef = 1224990B2922177E003665DA /* GithubUser.swift */; };
		1224990E292218E9003665DA /* GithubRepository.swift in Sources */ = {isa = PBXBuildFile; fileRef = 1224990D292218E9003665DA /* GithubRepository.swift */; };
		1224991129222ECE003665DA /* GithubUseCase.swift in Sources */ = {isa = PBXBuildFile; fileRef = 1224991029222ECE003665DA /* GithubUseCase.swift */; };
		1224991329223148003665DA /* UseCaseProvider.swift in Sources */ = {isa = PBXBuildFile; fileRef = 1224991229223148003665DA /* UseCaseProvider.swift */; };
		1224991629223A1F003665DA /* Endpoint.swift in Sources */ = {isa = PBXBuildFile; fileRef = 1224991529223A1F003665DA /* Endpoint.swift */; };
		12249919292241BB003665DA /* RxCocoa in Frameworks */ = {isa = PBXBuildFile; productRef = 12249918292241BB003665DA /* RxCocoa */; };
		1224991B292241BB003665DA /* RxRelay in Frameworks */ = {isa = PBXBuildFile; productRef = 1224991A292241BB003665DA /* RxRelay */; };
		1224991D292241BB003665DA /* RxSwift in Frameworks */ = {isa = PBXBuildFile; productRef = 1224991C292241BB003665DA /* RxSwift */; };
		12249920292241CA003665DA /* SnapKit in Frameworks */ = {isa = PBXBuildFile; productRef = 1224991F292241CA003665DA /* SnapKit */; };
		12249922292242B5003665DA /* NetworkService.swift in Sources */ = {isa = PBXBuildFile; fileRef = 12249921292242B5003665DA /* NetworkService.swift */; };
		122499252922455F003665DA /* UseCaseProviderImpl.swift in Sources */ = {isa = PBXBuildFile; fileRef = 122499242922455F003665DA /* UseCaseProviderImpl.swift */; };
		122499272922456A003665DA /* GithubUseCaseImpl.swift in Sources */ = {isa = PBXBuildFile; fileRef = 122499262922456A003665DA /* GithubUseCaseImpl.swift */; };
		1224992A292330DF003665DA /* EndpointsProvider.swift in Sources */ = {isa = PBXBuildFile; fileRef = 12249929292330DF003665DA /* EndpointsProvider.swift */; };
		1224992C292330F9003665DA /* GithubEndpoints.swift in Sources */ = {isa = PBXBuildFile; fileRef = 1224992B292330F9003665DA /* GithubEndpoints.swift */; };
		1224993029233EEC003665DA /* AppManager.swift in Sources */ = {isa = PBXBuildFile; fileRef = 1224992F29233EEC003665DA /* AppManager.swift */; };
		1224993429235F11003665DA /* UserInfoViewController.swift in Sources */ = {isa = PBXBuildFile; fileRef = 1224993329235F11003665DA /* UserInfoViewController.swift */; };
		1224993729235F4D003665DA /* RepositoryViewController.swift in Sources */ = {isa = PBXBuildFile; fileRef = 1224993629235F4D003665DA /* RepositoryViewController.swift */; };
		122499392923702E003665DA /* UserInfoViewReactor.swift in Sources */ = {isa = PBXBuildFile; fileRef = 122499382923702E003665DA /* UserInfoViewReactor.swift */; };
		1224993C29237E22003665DA /* UIViewController+Rx.swift in Sources */ = {isa = PBXBuildFile; fileRef = 1224993B29237E22003665DA /* UIViewController+Rx.swift */; };
/* End PBXBuildFile section */

/* Begin PBXContainerItemProxy section */
		122498CE29220BBC003665DA /* PBXContainerItemProxy */ = {
			isa = PBXContainerItemProxy;
			containerPortal = 122498AF29220BBA003665DA /* Project object */;
			proxyType = 1;
			remoteGlobalIDString = 122498B629220BBA003665DA;
			remoteInfo = GithubRepo;
		};
		122498D829220BBC003665DA /* PBXContainerItemProxy */ = {
			isa = PBXContainerItemProxy;
			containerPortal = 122498AF29220BBA003665DA /* Project object */;
			proxyType = 1;
			remoteGlobalIDString = 122498B629220BBA003665DA;
			remoteInfo = GithubRepo;
		};
/* End PBXContainerItemProxy section */

/* Begin PBXFileReference section */
		122498B729220BBA003665DA /* GithubRepo.app */ = {isa = PBXFileReference; explicitFileType = wrapper.application; includeInIndex = 0; path = GithubRepo.app; sourceTree = BUILT_PRODUCTS_DIR; };
		122498BA29220BBA003665DA /* AppDelegate.swift */ = {isa = PBXFileReference; lastKnownFileType = sourcecode.swift; path = AppDelegate.swift; sourceTree = "<group>"; };
		122498BC29220BBA003665DA /* SceneDelegate.swift */ = {isa = PBXFileReference; lastKnownFileType = sourcecode.swift; path = SceneDelegate.swift; sourceTree = "<group>"; };
		122498C329220BBC003665DA /* Assets.xcassets */ = {isa = PBXFileReference; lastKnownFileType = folder.assetcatalog; path = Assets.xcassets; sourceTree = "<group>"; };
		122498C629220BBC003665DA /* Base */ = {isa = PBXFileReference; lastKnownFileType = file.storyboard; name = Base; path = Base.lproj/LaunchScreen.storyboard; sourceTree = "<group>"; };
		122498C829220BBC003665DA /* Info.plist */ = {isa = PBXFileReference; lastKnownFileType = text.plist.xml; path = Info.plist; sourceTree = "<group>"; };
		122498CD29220BBC003665DA /* GithubRepoTests.xctest */ = {isa = PBXFileReference; explicitFileType = wrapper.cfbundle; includeInIndex = 0; path = GithubRepoTests.xctest; sourceTree = BUILT_PRODUCTS_DIR; };
		122498D129220BBC003665DA /* GithubRepoTests.swift */ = {isa = PBXFileReference; lastKnownFileType = sourcecode.swift; path = GithubRepoTests.swift; sourceTree = "<group>"; };
		122498D729220BBC003665DA /* GithubRepoUITests.xctest */ = {isa = PBXFileReference; explicitFileType = wrapper.cfbundle; includeInIndex = 0; path = GithubRepoUITests.xctest; sourceTree = BUILT_PRODUCTS_DIR; };
		122498DB29220BBC003665DA /* GithubRepoUITests.swift */ = {isa = PBXFileReference; lastKnownFileType = sourcecode.swift; path = GithubRepoUITests.swift; sourceTree = "<group>"; };
		122498DD29220BBC003665DA /* GithubRepoUITestsLaunchTests.swift */ = {isa = PBXFileReference; lastKnownFileType = sourcecode.swift; path = GithubRepoUITestsLaunchTests.swift; sourceTree = "<group>"; };
		1224990B2922177E003665DA /* GithubUser.swift */ = {isa = PBXFileReference; lastKnownFileType = sourcecode.swift; path = GithubUser.swift; sourceTree = "<group>"; };
		1224990D292218E9003665DA /* GithubRepository.swift */ = {isa = PBXFileReference; lastKnownFileType = sourcecode.swift; path = GithubRepository.swift; sourceTree = "<group>"; };
		1224991029222ECE003665DA /* GithubUseCase.swift */ = {isa = PBXFileReference; lastKnownFileType = sourcecode.swift; path = GithubUseCase.swift; sourceTree = "<group>"; };
		1224991229223148003665DA /* UseCaseProvider.swift */ = {isa = PBXFileReference; lastKnownFileType = sourcecode.swift; path = UseCaseProvider.swift; sourceTree = "<group>"; };
		1224991529223A1F003665DA /* Endpoint.swift */ = {isa = PBXFileReference; lastKnownFileType = sourcecode.swift; path = Endpoint.swift; sourceTree = "<group>"; };
		12249921292242B5003665DA /* NetworkService.swift */ = {isa = PBXFileReference; lastKnownFileType = sourcecode.swift; path = NetworkService.swift; sourceTree = "<group>"; };
		122499242922455F003665DA /* UseCaseProviderImpl.swift */ = {isa = PBXFileReference; lastKnownFileType = sourcecode.swift; path = UseCaseProviderImpl.swift; sourceTree = "<group>"; };
		122499262922456A003665DA /* GithubUseCaseImpl.swift */ = {isa = PBXFileReference; lastKnownFileType = sourcecode.swift; path = GithubUseCaseImpl.swift; sourceTree = "<group>"; };
		12249929292330DF003665DA /* EndpointsProvider.swift */ = {isa = PBXFileReference; lastKnownFileType = sourcecode.swift; path = EndpointsProvider.swift; sourceTree = "<group>"; };
		1224992B292330F9003665DA /* GithubEndpoints.swift */ = {isa = PBXFileReference; lastKnownFileType = sourcecode.swift; path = GithubEndpoints.swift; sourceTree = "<group>"; };
		1224992F29233EEC003665DA /* AppManager.swift */ = {isa = PBXFileReference; lastKnownFileType = sourcecode.swift; path = AppManager.swift; sourceTree = "<group>"; };
		1224993329235F11003665DA /* UserInfoViewController.swift */ = {isa = PBXFileReference; lastKnownFileType = sourcecode.swift; path = UserInfoViewController.swift; sourceTree = "<group>"; };
		1224993629235F4D003665DA /* RepositoryViewController.swift */ = {isa = PBXFileReference; lastKnownFileType = sourcecode.swift; path = RepositoryViewController.swift; sourceTree = "<group>"; };
		122499382923702E003665DA /* UserInfoViewReactor.swift */ = {isa = PBXFileReference; lastKnownFileType = sourcecode.swift; path = UserInfoViewReactor.swift; sourceTree = "<group>"; };
		1224993B29237E22003665DA /* UIViewController+Rx.swift */ = {isa = PBXFileReference; lastKnownFileType = sourcecode.swift; path = "UIViewController+Rx.swift"; sourceTree = "<group>"; };
/* End PBXFileReference section */

/* Begin PBXFrameworksBuildPhase section */
		122498B429220BBA003665DA /* Frameworks */ = {
			isa = PBXFrameworksBuildPhase;
			buildActionMask = 2147483647;
			files = (
				1224991D292241BB003665DA /* RxSwift in Frameworks */,
				1224991B292241BB003665DA /* RxRelay in Frameworks */,
				12249908292214E0003665DA /* ReactorKit in Frameworks */,
				12249920292241CA003665DA /* SnapKit in Frameworks */,
				122498F029221407003665DA /* Then in Frameworks */,
				12249919292241BB003665DA /* RxCocoa in Frameworks */,
				12249905292214C0003665DA /* Alamofire in Frameworks */,
			);
			runOnlyForDeploymentPostprocessing = 0;
		};
		122498CA29220BBC003665DA /* Frameworks */ = {
			isa = PBXFrameworksBuildPhase;
			buildActionMask = 2147483647;
			files = (
			);
			runOnlyForDeploymentPostprocessing = 0;
		};
		122498D429220BBC003665DA /* Frameworks */ = {
			isa = PBXFrameworksBuildPhase;
			buildActionMask = 2147483647;
			files = (
			);
			runOnlyForDeploymentPostprocessing = 0;
		};
/* End PBXFrameworksBuildPhase section */

/* Begin PBXGroup section */
		122498AE29220BBA003665DA = {
			isa = PBXGroup;
			children = (
				122498B929220BBA003665DA /* GithubRepo */,
				122498D029220BBC003665DA /* GithubRepoTests */,
				122498DA29220BBC003665DA /* GithubRepoUITests */,
				122498B829220BBA003665DA /* Products */,
			);
			sourceTree = "<group>";
		};
		122498B829220BBA003665DA /* Products */ = {
			isa = PBXGroup;
			children = (
				122498B729220BBA003665DA /* GithubRepo.app */,
				122498CD29220BBC003665DA /* GithubRepoTests.xctest */,
				122498D729220BBC003665DA /* GithubRepoUITests.xctest */,
			);
			name = Products;
			sourceTree = "<group>";
		};
		122498B929220BBA003665DA /* GithubRepo */ = {
			isa = PBXGroup;
			children = (
				122498EA29220D14003665DA /* Sources */,
				122498ED29220DCB003665DA /* Resources */,
			);
			path = GithubRepo;
			sourceTree = "<group>";
		};
		122498D029220BBC003665DA /* GithubRepoTests */ = {
			isa = PBXGroup;
			children = (
				122498D129220BBC003665DA /* GithubRepoTests.swift */,
			);
			path = GithubRepoTests;
			sourceTree = "<group>";
		};
		122498DA29220BBC003665DA /* GithubRepoUITests */ = {
			isa = PBXGroup;
			children = (
				122498DB29220BBC003665DA /* GithubRepoUITests.swift */,
				122498DD29220BBC003665DA /* GithubRepoUITestsLaunchTests.swift */,
			);
			path = GithubRepoUITests;
			sourceTree = "<group>";
		};
		122498EA29220D14003665DA /* Sources */ = {
			isa = PBXGroup;
			children = (
				122498EB29220D1B003665DA /* App */,
				122498EC29220D32003665DA /* Presentation */,
				1224990929221718003665DA /* Domain */,
				12249914292239FC003665DA /* Data */,
				1224993A29237E01003665DA /* Util */,
			);
			path = Sources;
			sourceTree = "<group>";
		};
		122498EB29220D1B003665DA /* App */ = {
			isa = PBXGroup;
			children = (
				122498BA29220BBA003665DA /* AppDelegate.swift */,
				122498BC29220BBA003665DA /* SceneDelegate.swift */,
				1224992F29233EEC003665DA /* AppManager.swift */,
			);
			path = App;
			sourceTree = "<group>";
		};
		122498EC29220D32003665DA /* Presentation */ = {
			isa = PBXGroup;
			children = (
				1224993129235EEA003665DA /* Scenes */,
			);
			path = Presentation;
			sourceTree = "<group>";
		};
		122498ED29220DCB003665DA /* Resources */ = {
			isa = PBXGroup;
			children = (
				122498C329220BBC003665DA /* Assets.xcassets */,
				122498C529220BBC003665DA /* LaunchScreen.storyboard */,
				122498C829220BBC003665DA /* Info.plist */,
			);
			path = Resources;
			sourceTree = "<group>";
		};
		1224990929221718003665DA /* Domain */ = {
			isa = PBXGroup;
			children = (
				1224990F29222EA9003665DA /* UseCases */,
				1224990A2922173F003665DA /* Entities */,
			);
			path = Domain;
			sourceTree = "<group>";
		};
		1224990A2922173F003665DA /* Entities */ = {
			isa = PBXGroup;
			children = (
				1224990B2922177E003665DA /* GithubUser.swift */,
				1224990D292218E9003665DA /* GithubRepository.swift */,
			);
			path = Entities;
			sourceTree = "<group>";
		};
		1224990F29222EA9003665DA /* UseCases */ = {
			isa = PBXGroup;
			children = (
				1224991029222ECE003665DA /* GithubUseCase.swift */,
				1224991229223148003665DA /* UseCaseProvider.swift */,
			);
			path = UseCases;
			sourceTree = "<group>";
		};
		12249914292239FC003665DA /* Data */ = {
			isa = PBXGroup;
			children = (
				1224992E29233D68003665DA /* Network */,
				1224992329224536003665DA /* UseCases */,
			);
			path = Data;
			sourceTree = "<group>";
		};
		1224992329224536003665DA /* UseCases */ = {
			isa = PBXGroup;
			children = (
				122499242922455F003665DA /* UseCaseProviderImpl.swift */,
				122499262922456A003665DA /* GithubUseCaseImpl.swift */,
			);
			path = UseCases;
			sourceTree = "<group>";
		};
		122499282923309B003665DA /* API */ = {
			isa = PBXGroup;
			children = (
				12249929292330DF003665DA /* EndpointsProvider.swift */,
				1224992B292330F9003665DA /* GithubEndpoints.swift */,
			);
			path = API;
			sourceTree = "<group>";
		};
		1224992E29233D68003665DA /* Network */ = {
			isa = PBXGroup;
			children = (
				1224991529223A1F003665DA /* Endpoint.swift */,
				12249921292242B5003665DA /* NetworkService.swift */,
				122499282923309B003665DA /* API */,
			);
			path = Network;
			sourceTree = "<group>";
		};
		1224993129235EEA003665DA /* Scenes */ = {
			isa = PBXGroup;
			children = (
				1224993529235F3E003665DA /* Repository */,
				1224993229235EFB003665DA /* UserInfo */,
			);
			path = Scenes;
			sourceTree = "<group>";
		};
		1224993229235EFB003665DA /* UserInfo */ = {
			isa = PBXGroup;
			children = (
				1224993329235F11003665DA /* UserInfoViewController.swift */,
				122499382923702E003665DA /* UserInfoViewReactor.swift */,
			);
			path = UserInfo;
			sourceTree = "<group>";
		};
		1224993529235F3E003665DA /* Repository */ = {
			isa = PBXGroup;
			children = (
				1224993629235F4D003665DA /* RepositoryViewController.swift */,
			);
			path = Repository;
			sourceTree = "<group>";
		};
		1224993A29237E01003665DA /* Util */ = {
			isa = PBXGroup;
			children = (
				1224993B29237E22003665DA /* UIViewController+Rx.swift */,
			);
			path = Util;
			sourceTree = "<group>";
		};
/* End PBXGroup section */

/* Begin PBXNativeTarget section */
		122498B629220BBA003665DA /* GithubRepo */ = {
			isa = PBXNativeTarget;
			buildConfigurationList = 122498E129220BBC003665DA /* Build configuration list for PBXNativeTarget "GithubRepo" */;
			buildPhases = (
				122498B329220BBA003665DA /* Sources */,
				122498B429220BBA003665DA /* Frameworks */,
				122498B529220BBA003665DA /* Resources */,
			);
			buildRules = (
			);
			dependencies = (
			);
			name = GithubRepo;
			packageProductDependencies = (
				122498EF29221407003665DA /* Then */,
				12249904292214C0003665DA /* Alamofire */,
				12249907292214E0003665DA /* ReactorKit */,
				12249918292241BB003665DA /* RxCocoa */,
				1224991A292241BB003665DA /* RxRelay */,
				1224991C292241BB003665DA /* RxSwift */,
				1224991F292241CA003665DA /* SnapKit */,
			);
			productName = GithubRepo;
			productReference = 122498B729220BBA003665DA /* GithubRepo.app */;
			productType = "com.apple.product-type.application";
		};
		122498CC29220BBC003665DA /* GithubRepoTests */ = {
			isa = PBXNativeTarget;
			buildConfigurationList = 122498E429220BBC003665DA /* Build configuration list for PBXNativeTarget "GithubRepoTests" */;
			buildPhases = (
				122498C929220BBC003665DA /* Sources */,
				122498CA29220BBC003665DA /* Frameworks */,
				122498CB29220BBC003665DA /* Resources */,
			);
			buildRules = (
			);
			dependencies = (
				122498CF29220BBC003665DA /* PBXTargetDependency */,
			);
			name = GithubRepoTests;
			productName = GithubRepoTests;
			productReference = 122498CD29220BBC003665DA /* GithubRepoTests.xctest */;
			productType = "com.apple.product-type.bundle.unit-test";
		};
		122498D629220BBC003665DA /* GithubRepoUITests */ = {
			isa = PBXNativeTarget;
			buildConfigurationList = 122498E729220BBC003665DA /* Build configuration list for PBXNativeTarget "GithubRepoUITests" */;
			buildPhases = (
				122498D329220BBC003665DA /* Sources */,
				122498D429220BBC003665DA /* Frameworks */,
				122498D529220BBC003665DA /* Resources */,
			);
			buildRules = (
			);
			dependencies = (
				122498D929220BBC003665DA /* PBXTargetDependency */,
			);
			name = GithubRepoUITests;
			productName = GithubRepoUITests;
			productReference = 122498D729220BBC003665DA /* GithubRepoUITests.xctest */;
			productType = "com.apple.product-type.bundle.ui-testing";
		};
/* End PBXNativeTarget section */

/* Begin PBXProject section */
		122498AF29220BBA003665DA /* Project object */ = {
			isa = PBXProject;
			attributes = {
				BuildIndependentTargetsInParallel = 1;
				LastSwiftUpdateCheck = 1410;
				LastUpgradeCheck = 1410;
				TargetAttributes = {
					122498B629220BBA003665DA = {
						CreatedOnToolsVersion = 14.1;
					};
					122498CC29220BBC003665DA = {
						CreatedOnToolsVersion = 14.1;
						TestTargetID = 122498B629220BBA003665DA;
					};
					122498D629220BBC003665DA = {
						CreatedOnToolsVersion = 14.1;
						TestTargetID = 122498B629220BBA003665DA;
					};
				};
			};
			buildConfigurationList = 122498B229220BBA003665DA /* Build configuration list for PBXProject "GithubRepo" */;
			compatibilityVersion = "Xcode 14.0";
			developmentRegion = en;
			hasScannedForEncodings = 0;
			knownRegions = (
				en,
				Base,
			);
			mainGroup = 122498AE29220BBA003665DA;
			packageReferences = (
				122498EE29221407003665DA /* XCRemoteSwiftPackageReference "Then" */,
				12249903292214C0003665DA /* XCRemoteSwiftPackageReference "Alamofire" */,
				12249906292214E0003665DA /* XCRemoteSwiftPackageReference "ReactorKit" */,
				12249917292241BB003665DA /* XCRemoteSwiftPackageReference "RxSwift" */,
				1224991E292241CA003665DA /* XCRemoteSwiftPackageReference "SnapKit" */,
			);
			productRefGroup = 122498B829220BBA003665DA /* Products */;
			projectDirPath = "";
			projectRoot = "";
			targets = (
				122498B629220BBA003665DA /* GithubRepo */,
				122498CC29220BBC003665DA /* GithubRepoTests */,
				122498D629220BBC003665DA /* GithubRepoUITests */,
			);
		};
/* End PBXProject section */

/* Begin PBXResourcesBuildPhase section */
		122498B529220BBA003665DA /* Resources */ = {
			isa = PBXResourcesBuildPhase;
			buildActionMask = 2147483647;
			files = (
				122498C729220BBC003665DA /* LaunchScreen.storyboard in Resources */,
				122498C429220BBC003665DA /* Assets.xcassets in Resources */,
			);
			runOnlyForDeploymentPostprocessing = 0;
		};
		122498CB29220BBC003665DA /* Resources */ = {
			isa = PBXResourcesBuildPhase;
			buildActionMask = 2147483647;
			files = (
			);
			runOnlyForDeploymentPostprocessing = 0;
		};
		122498D529220BBC003665DA /* Resources */ = {
			isa = PBXResourcesBuildPhase;
			buildActionMask = 2147483647;
			files = (
			);
			runOnlyForDeploymentPostprocessing = 0;
		};
/* End PBXResourcesBuildPhase section */

/* Begin PBXSourcesBuildPhase section */
		122498B329220BBA003665DA /* Sources */ = {
			isa = PBXSourcesBuildPhase;
			buildActionMask = 2147483647;
			files = (
				1224992A292330DF003665DA /* EndpointsProvider.swift in Sources */,
				1224990C2922177E003665DA /* GithubUser.swift in Sources */,
				1224992C292330F9003665DA /* GithubEndpoints.swift in Sources */,
				1224991629223A1F003665DA /* Endpoint.swift in Sources */,
				122499272922456A003665DA /* GithubUseCaseImpl.swift in Sources */,
				1224990E292218E9003665DA /* GithubRepository.swift in Sources */,
				1224993429235F11003665DA /* UserInfoViewController.swift in Sources */,
				1224993729235F4D003665DA /* RepositoryViewController.swift in Sources */,
				1224993029233EEC003665DA /* AppManager.swift in Sources */,
				1224993C29237E22003665DA /* UIViewController+Rx.swift in Sources */,
				12249922292242B5003665DA /* NetworkService.swift in Sources */,
				122499392923702E003665DA /* UserInfoViewReactor.swift in Sources */,
				122498BB29220BBA003665DA /* AppDelegate.swift in Sources */,
				122499252922455F003665DA /* UseCaseProviderImpl.swift in Sources */,
				1224991129222ECE003665DA /* GithubUseCase.swift in Sources */,
				122498BD29220BBA003665DA /* SceneDelegate.swift in Sources */,
				1224991329223148003665DA /* UseCaseProvider.swift in Sources */,
			);
			runOnlyForDeploymentPostprocessing = 0;
		};
		122498C929220BBC003665DA /* Sources */ = {
			isa = PBXSourcesBuildPhase;
			buildActionMask = 2147483647;
			files = (
				122498D229220BBC003665DA /* GithubRepoTests.swift in Sources */,
			);
			runOnlyForDeploymentPostprocessing = 0;
		};
		122498D329220BBC003665DA /* Sources */ = {
			isa = PBXSourcesBuildPhase;
			buildActionMask = 2147483647;
			files = (
				122498DC29220BBC003665DA /* GithubRepoUITests.swift in Sources */,
				122498DE29220BBC003665DA /* GithubRepoUITestsLaunchTests.swift in Sources */,
			);
			runOnlyForDeploymentPostprocessing = 0;
		};
/* End PBXSourcesBuildPhase section */

/* Begin PBXTargetDependency section */
		122498CF29220BBC003665DA /* PBXTargetDependency */ = {
			isa = PBXTargetDependency;
			target = 122498B629220BBA003665DA /* GithubRepo */;
			targetProxy = 122498CE29220BBC003665DA /* PBXContainerItemProxy */;
		};
		122498D929220BBC003665DA /* PBXTargetDependency */ = {
			isa = PBXTargetDependency;
			target = 122498B629220BBA003665DA /* GithubRepo */;
			targetProxy = 122498D829220BBC003665DA /* PBXContainerItemProxy */;
		};
/* End PBXTargetDependency section */

/* Begin PBXVariantGroup section */
		122498C529220BBC003665DA /* LaunchScreen.storyboard */ = {
			isa = PBXVariantGroup;
			children = (
				122498C629220BBC003665DA /* Base */,
			);
			name = LaunchScreen.storyboard;
			sourceTree = "<group>";
		};
/* End PBXVariantGroup section */

/* Begin XCBuildConfiguration section */
		122498DF29220BBC003665DA /* Debug */ = {
			isa = XCBuildConfiguration;
			buildSettings = {
				ALWAYS_SEARCH_USER_PATHS = NO;
				CLANG_ANALYZER_NONNULL = YES;
				CLANG_ANALYZER_NUMBER_OBJECT_CONVERSION = YES_AGGRESSIVE;
				CLANG_CXX_LANGUAGE_STANDARD = "gnu++20";
				CLANG_ENABLE_MODULES = YES;
				CLANG_ENABLE_OBJC_ARC = YES;
				CLANG_ENABLE_OBJC_WEAK = YES;
				CLANG_WARN_BLOCK_CAPTURE_AUTORELEASING = YES;
				CLANG_WARN_BOOL_CONVERSION = YES;
				CLANG_WARN_COMMA = YES;
				CLANG_WARN_CONSTANT_CONVERSION = YES;
				CLANG_WARN_DEPRECATED_OBJC_IMPLEMENTATIONS = YES;
				CLANG_WARN_DIRECT_OBJC_ISA_USAGE = YES_ERROR;
				CLANG_WARN_DOCUMENTATION_COMMENTS = YES;
				CLANG_WARN_EMPTY_BODY = YES;
				CLANG_WARN_ENUM_CONVERSION = YES;
				CLANG_WARN_INFINITE_RECURSION = YES;
				CLANG_WARN_INT_CONVERSION = YES;
				CLANG_WARN_NON_LITERAL_NULL_CONVERSION = YES;
				CLANG_WARN_OBJC_IMPLICIT_RETAIN_SELF = YES;
				CLANG_WARN_OBJC_LITERAL_CONVERSION = YES;
				CLANG_WARN_OBJC_ROOT_CLASS = YES_ERROR;
				CLANG_WARN_QUOTED_INCLUDE_IN_FRAMEWORK_HEADER = YES;
				CLANG_WARN_RANGE_LOOP_ANALYSIS = YES;
				CLANG_WARN_STRICT_PROTOTYPES = YES;
				CLANG_WARN_SUSPICIOUS_MOVE = YES;
				CLANG_WARN_UNGUARDED_AVAILABILITY = YES_AGGRESSIVE;
				CLANG_WARN_UNREACHABLE_CODE = YES;
				CLANG_WARN__DUPLICATE_METHOD_MATCH = YES;
				COPY_PHASE_STRIP = NO;
				DEBUG_INFORMATION_FORMAT = dwarf;
				ENABLE_STRICT_OBJC_MSGSEND = YES;
				ENABLE_TESTABILITY = YES;
				GCC_C_LANGUAGE_STANDARD = gnu11;
				GCC_DYNAMIC_NO_PIC = NO;
				GCC_NO_COMMON_BLOCKS = YES;
				GCC_OPTIMIZATION_LEVEL = 0;
				GCC_PREPROCESSOR_DEFINITIONS = (
					"DEBUG=1",
					"$(inherited)",
				);
				GCC_WARN_64_TO_32_BIT_CONVERSION = YES;
				GCC_WARN_ABOUT_RETURN_TYPE = YES_ERROR;
				GCC_WARN_UNDECLARED_SELECTOR = YES;
				GCC_WARN_UNINITIALIZED_AUTOS = YES_AGGRESSIVE;
				GCC_WARN_UNUSED_FUNCTION = YES;
				GCC_WARN_UNUSED_VARIABLE = YES;
				IPHONEOS_DEPLOYMENT_TARGET = 16.1;
				MTL_ENABLE_DEBUG_INFO = INCLUDE_SOURCE;
				MTL_FAST_MATH = YES;
				ONLY_ACTIVE_ARCH = YES;
				SDKROOT = iphoneos;
				SWIFT_ACTIVE_COMPILATION_CONDITIONS = DEBUG;
				SWIFT_OPTIMIZATION_LEVEL = "-Onone";
			};
			name = Debug;
		};
		122498E029220BBC003665DA /* Release */ = {
			isa = XCBuildConfiguration;
			buildSettings = {
				ALWAYS_SEARCH_USER_PATHS = NO;
				CLANG_ANALYZER_NONNULL = YES;
				CLANG_ANALYZER_NUMBER_OBJECT_CONVERSION = YES_AGGRESSIVE;
				CLANG_CXX_LANGUAGE_STANDARD = "gnu++20";
				CLANG_ENABLE_MODULES = YES;
				CLANG_ENABLE_OBJC_ARC = YES;
				CLANG_ENABLE_OBJC_WEAK = YES;
				CLANG_WARN_BLOCK_CAPTURE_AUTORELEASING = YES;
				CLANG_WARN_BOOL_CONVERSION = YES;
				CLANG_WARN_COMMA = YES;
				CLANG_WARN_CONSTANT_CONVERSION = YES;
				CLANG_WARN_DEPRECATED_OBJC_IMPLEMENTATIONS = YES;
				CLANG_WARN_DIRECT_OBJC_ISA_USAGE = YES_ERROR;
				CLANG_WARN_DOCUMENTATION_COMMENTS = YES;
				CLANG_WARN_EMPTY_BODY = YES;
				CLANG_WARN_ENUM_CONVERSION = YES;
				CLANG_WARN_INFINITE_RECURSION = YES;
				CLANG_WARN_INT_CONVERSION = YES;
				CLANG_WARN_NON_LITERAL_NULL_CONVERSION = YES;
				CLANG_WARN_OBJC_IMPLICIT_RETAIN_SELF = YES;
				CLANG_WARN_OBJC_LITERAL_CONVERSION = YES;
				CLANG_WARN_OBJC_ROOT_CLASS = YES_ERROR;
				CLANG_WARN_QUOTED_INCLUDE_IN_FRAMEWORK_HEADER = YES;
				CLANG_WARN_RANGE_LOOP_ANALYSIS = YES;
				CLANG_WARN_STRICT_PROTOTYPES = YES;
				CLANG_WARN_SUSPICIOUS_MOVE = YES;
				CLANG_WARN_UNGUARDED_AVAILABILITY = YES_AGGRESSIVE;
				CLANG_WARN_UNREACHABLE_CODE = YES;
				CLANG_WARN__DUPLICATE_METHOD_MATCH = YES;
				COPY_PHASE_STRIP = NO;
				DEBUG_INFORMATION_FORMAT = "dwarf-with-dsym";
				ENABLE_NS_ASSERTIONS = NO;
				ENABLE_STRICT_OBJC_MSGSEND = YES;
				GCC_C_LANGUAGE_STANDARD = gnu11;
				GCC_NO_COMMON_BLOCKS = YES;
				GCC_WARN_64_TO_32_BIT_CONVERSION = YES;
				GCC_WARN_ABOUT_RETURN_TYPE = YES_ERROR;
				GCC_WARN_UNDECLARED_SELECTOR = YES;
				GCC_WARN_UNINITIALIZED_AUTOS = YES_AGGRESSIVE;
				GCC_WARN_UNUSED_FUNCTION = YES;
				GCC_WARN_UNUSED_VARIABLE = YES;
				IPHONEOS_DEPLOYMENT_TARGET = 16.1;
				MTL_ENABLE_DEBUG_INFO = NO;
				MTL_FAST_MATH = YES;
				SDKROOT = iphoneos;
				SWIFT_COMPILATION_MODE = wholemodule;
				SWIFT_OPTIMIZATION_LEVEL = "-O";
				VALIDATE_PRODUCT = YES;
			};
			name = Release;
		};
		122498E229220BBC003665DA /* Debug */ = {
			isa = XCBuildConfiguration;
			buildSettings = {
				ASSETCATALOG_COMPILER_APPICON_NAME = AppIcon;
				ASSETCATALOG_COMPILER_GLOBAL_ACCENT_COLOR_NAME = AccentColor;
				CODE_SIGN_STYLE = Automatic;
				CURRENT_PROJECT_VERSION = 1;
				DEVELOPMENT_TEAM = 8G2M9BCKK9;
				GENERATE_INFOPLIST_FILE = YES;
				INFOPLIST_FILE = GithubRepo/Resources/Info.plist;
				INFOPLIST_KEY_UIApplicationSupportsIndirectInputEvents = YES;
				INFOPLIST_KEY_UILaunchStoryboardName = LaunchScreen;
				INFOPLIST_KEY_UISupportedInterfaceOrientations_iPad = "UIInterfaceOrientationPortrait UIInterfaceOrientationPortraitUpsideDown UIInterfaceOrientationLandscapeLeft UIInterfaceOrientationLandscapeRight";
				INFOPLIST_KEY_UISupportedInterfaceOrientations_iPhone = "UIInterfaceOrientationPortrait UIInterfaceOrientationLandscapeLeft UIInterfaceOrientationLandscapeRight";
				IPHONEOS_DEPLOYMENT_TARGET = 13;
				LD_RUNPATH_SEARCH_PATHS = (
					"$(inherited)",
					"@executable_path/Frameworks",
				);
				MARKETING_VERSION = 1.0;
				PRODUCT_BUNDLE_IDENTIFIER = com.son.GithubRepo;
				PRODUCT_NAME = "$(TARGET_NAME)";
				SWIFT_EMIT_LOC_STRINGS = YES;
				SWIFT_VERSION = 5.0;
				TARGETED_DEVICE_FAMILY = "1,2";
			};
			name = Debug;
		};
		122498E329220BBC003665DA /* Release */ = {
			isa = XCBuildConfiguration;
			buildSettings = {
				ASSETCATALOG_COMPILER_APPICON_NAME = AppIcon;
				ASSETCATALOG_COMPILER_GLOBAL_ACCENT_COLOR_NAME = AccentColor;
				CODE_SIGN_STYLE = Automatic;
				CURRENT_PROJECT_VERSION = 1;
				DEVELOPMENT_TEAM = 8G2M9BCKK9;
				GENERATE_INFOPLIST_FILE = YES;
				INFOPLIST_FILE = GithubRepo/Resources/Info.plist;
				INFOPLIST_KEY_UIApplicationSupportsIndirectInputEvents = YES;
				INFOPLIST_KEY_UILaunchStoryboardName = LaunchScreen;
				INFOPLIST_KEY_UISupportedInterfaceOrientations_iPad = "UIInterfaceOrientationPortrait UIInterfaceOrientationPortraitUpsideDown UIInterfaceOrientationLandscapeLeft UIInterfaceOrientationLandscapeRight";
				INFOPLIST_KEY_UISupportedInterfaceOrientations_iPhone = "UIInterfaceOrientationPortrait UIInterfaceOrientationLandscapeLeft UIInterfaceOrientationLandscapeRight";
				IPHONEOS_DEPLOYMENT_TARGET = 13;
				LD_RUNPATH_SEARCH_PATHS = (
					"$(inherited)",
					"@executable_path/Frameworks",
				);
				MARKETING_VERSION = 1.0;
				PRODUCT_BUNDLE_IDENTIFIER = com.son.GithubRepo;
				PRODUCT_NAME = "$(TARGET_NAME)";
				SWIFT_EMIT_LOC_STRINGS = YES;
				SWIFT_VERSION = 5.0;
				TARGETED_DEVICE_FAMILY = "1,2";
			};
			name = Release;
		};
		122498E529220BBC003665DA /* Debug */ = {
			isa = XCBuildConfiguration;
			buildSettings = {
				ALWAYS_EMBED_SWIFT_STANDARD_LIBRARIES = YES;
				BUNDLE_LOADER = "$(TEST_HOST)";
				CODE_SIGN_STYLE = Automatic;
				CURRENT_PROJECT_VERSION = 1;
				DEVELOPMENT_TEAM = 8G2M9BCKK9;
				GENERATE_INFOPLIST_FILE = YES;
				IPHONEOS_DEPLOYMENT_TARGET = 16.1;
				MARKETING_VERSION = 1.0;
				PRODUCT_BUNDLE_IDENTIFIER = com.son.GithubRepoTests;
				PRODUCT_NAME = "$(TARGET_NAME)";
				SWIFT_EMIT_LOC_STRINGS = NO;
				SWIFT_VERSION = 5.0;
				TARGETED_DEVICE_FAMILY = "1,2";
				TEST_HOST = "$(BUILT_PRODUCTS_DIR)/GithubRepo.app/$(BUNDLE_EXECUTABLE_FOLDER_PATH)/GithubRepo";
			};
			name = Debug;
		};
		122498E629220BBC003665DA /* Release */ = {
			isa = XCBuildConfiguration;
			buildSettings = {
				ALWAYS_EMBED_SWIFT_STANDARD_LIBRARIES = YES;
				BUNDLE_LOADER = "$(TEST_HOST)";
				CODE_SIGN_STYLE = Automatic;
				CURRENT_PROJECT_VERSION = 1;
				DEVELOPMENT_TEAM = 8G2M9BCKK9;
				GENERATE_INFOPLIST_FILE = YES;
				IPHONEOS_DEPLOYMENT_TARGET = 16.1;
				MARKETING_VERSION = 1.0;
				PRODUCT_BUNDLE_IDENTIFIER = com.son.GithubRepoTests;
				PRODUCT_NAME = "$(TARGET_NAME)";
				SWIFT_EMIT_LOC_STRINGS = NO;
				SWIFT_VERSION = 5.0;
				TARGETED_DEVICE_FAMILY = "1,2";
				TEST_HOST = "$(BUILT_PRODUCTS_DIR)/GithubRepo.app/$(BUNDLE_EXECUTABLE_FOLDER_PATH)/GithubRepo";
			};
			name = Release;
		};
		122498E829220BBC003665DA /* Debug */ = {
			isa = XCBuildConfiguration;
			buildSettings = {
				ALWAYS_EMBED_SWIFT_STANDARD_LIBRARIES = YES;
				CODE_SIGN_STYLE = Automatic;
				CURRENT_PROJECT_VERSION = 1;
				DEVELOPMENT_TEAM = 8G2M9BCKK9;
				GENERATE_INFOPLIST_FILE = YES;
				MARKETING_VERSION = 1.0;
				PRODUCT_BUNDLE_IDENTIFIER = com.son.GithubRepoUITests;
				PRODUCT_NAME = "$(TARGET_NAME)";
				SWIFT_EMIT_LOC_STRINGS = NO;
				SWIFT_VERSION = 5.0;
				TARGETED_DEVICE_FAMILY = "1,2";
				TEST_TARGET_NAME = GithubRepo;
			};
			name = Debug;
		};
		122498E929220BBC003665DA /* Release */ = {
			isa = XCBuildConfiguration;
			buildSettings = {
				ALWAYS_EMBED_SWIFT_STANDARD_LIBRARIES = YES;
				CODE_SIGN_STYLE = Automatic;
				CURRENT_PROJECT_VERSION = 1;
				DEVELOPMENT_TEAM = 8G2M9BCKK9;
				GENERATE_INFOPLIST_FILE = YES;
				MARKETING_VERSION = 1.0;
				PRODUCT_BUNDLE_IDENTIFIER = com.son.GithubRepoUITests;
				PRODUCT_NAME = "$(TARGET_NAME)";
				SWIFT_EMIT_LOC_STRINGS = NO;
				SWIFT_VERSION = 5.0;
				TARGETED_DEVICE_FAMILY = "1,2";
				TEST_TARGET_NAME = GithubRepo;
			};
			name = Release;
		};
/* End XCBuildConfiguration section */

/* Begin XCConfigurationList section */
		122498B229220BBA003665DA /* Build configuration list for PBXProject "GithubRepo" */ = {
			isa = XCConfigurationList;
			buildConfigurations = (
				122498DF29220BBC003665DA /* Debug */,
				122498E029220BBC003665DA /* Release */,
			);
			defaultConfigurationIsVisible = 0;
			defaultConfigurationName = Release;
		};
		122498E129220BBC003665DA /* Build configuration list for PBXNativeTarget "GithubRepo" */ = {
			isa = XCConfigurationList;
			buildConfigurations = (
				122498E229220BBC003665DA /* Debug */,
				122498E329220BBC003665DA /* Release */,
			);
			defaultConfigurationIsVisible = 0;
			defaultConfigurationName = Release;
		};
		122498E429220BBC003665DA /* Build configuration list for PBXNativeTarget "GithubRepoTests" */ = {
			isa = XCConfigurationList;
			buildConfigurations = (
				122498E529220BBC003665DA /* Debug */,
				122498E629220BBC003665DA /* Release */,
			);
			defaultConfigurationIsVisible = 0;
			defaultConfigurationName = Release;
		};
		122498E729220BBC003665DA /* Build configuration list for PBXNativeTarget "GithubRepoUITests" */ = {
			isa = XCConfigurationList;
			buildConfigurations = (
				122498E829220BBC003665DA /* Debug */,
				122498E929220BBC003665DA /* Release */,
			);
			defaultConfigurationIsVisible = 0;
			defaultConfigurationName = Release;
		};
/* End XCConfigurationList section */

/* Begin XCRemoteSwiftPackageReference section */
		122498EE29221407003665DA /* XCRemoteSwiftPackageReference "Then" */ = {
			isa = XCRemoteSwiftPackageReference;
			repositoryURL = "https://github.com/devxoul/Then";
			requirement = {
				kind = upToNextMajorVersion;
				minimumVersion = 3.0.0;
			};
		};
		12249903292214C0003665DA /* XCRemoteSwiftPackageReference "Alamofire" */ = {
			isa = XCRemoteSwiftPackageReference;
			repositoryURL = "https://github.com/Alamofire/Alamofire.git";
			requirement = {
				kind = upToNextMajorVersion;
				minimumVersion = 5.6.1;
			};
		};
		12249906292214E0003665DA /* XCRemoteSwiftPackageReference "ReactorKit" */ = {
			isa = XCRemoteSwiftPackageReference;
			repositoryURL = "https://github.com/ReactorKit/ReactorKit.git";
			requirement = {
				kind = upToNextMajorVersion;
				minimumVersion = 3.0.0;
			};
		};
		12249917292241BB003665DA /* XCRemoteSwiftPackageReference "RxSwift" */ = {
			isa = XCRemoteSwiftPackageReference;
			repositoryURL = "https://github.com/ReactiveX/RxSwift.git";
			requirement = {
				kind = upToNextMajorVersion;
				minimumVersion = 6.0.0;
			};
		};
		1224991E292241CA003665DA /* XCRemoteSwiftPackageReference "SnapKit" */ = {
			isa = XCRemoteSwiftPackageReference;
			repositoryURL = "https://github.com/SnapKit/SnapKit.git";
			requirement = {
				kind = upToNextMajorVersion;
				minimumVersion = 5.0.0;
			};
		};
/* End XCRemoteSwiftPackageReference section */

/* Begin XCSwiftPackageProductDependency section */
		122498EF29221407003665DA /* Then */ = {
			isa = XCSwiftPackageProductDependency;
			package = 122498EE29221407003665DA /* XCRemoteSwiftPackageReference "Then" */;
			productName = Then;
		};
		12249904292214C0003665DA /* Alamofire */ = {
			isa = XCSwiftPackageProductDependency;
			package = 12249903292214C0003665DA /* XCRemoteSwiftPackageReference "Alamofire" */;
			productName = Alamofire;
		};
		12249907292214E0003665DA /* ReactorKit */ = {
			isa = XCSwiftPackageProductDependency;
			package = 12249906292214E0003665DA /* XCRemoteSwiftPackageReference "ReactorKit" */;
			productName = ReactorKit;
		};
		12249918292241BB003665DA /* RxCocoa */ = {
			isa = XCSwiftPackageProductDependency;
			package = 12249917292241BB003665DA /* XCRemoteSwiftPackageReference "RxSwift" */;
			productName = RxCocoa;
		};
		1224991A292241BB003665DA /* RxRelay */ = {
			isa = XCSwiftPackageProductDependency;
			package = 12249917292241BB003665DA /* XCRemoteSwiftPackageReference "RxSwift" */;
			productName = RxRelay;
		};
		1224991C292241BB003665DA /* RxSwift */ = {
			isa = XCSwiftPackageProductDependency;
			package = 12249917292241BB003665DA /* XCRemoteSwiftPackageReference "RxSwift" */;
			productName = RxSwift;
		};
		1224991F292241CA003665DA /* SnapKit */ = {
			isa = XCSwiftPackageProductDependency;
			package = 1224991E292241CA003665DA /* XCRemoteSwiftPackageReference "SnapKit" */;
			productName = SnapKit;
		};
/* End XCSwiftPackageProductDependency section */
	};
	rootObject = 122498AF29220BBA003665DA /* Project object */;
}
